// !$*UTF8*$!
{
	archiveVersion = 1;
	classes = {
	};
	objectVersion = 55;
	objects = {

/* Begin PBXBuildFile section */
		251FAC21284D6FDD005D6C49 /* AppDelegate.swift in Sources */ = {isa = PBXBuildFile; fileRef = 251FAC20284D6FDD005D6C49 /* AppDelegate.swift */; };
		251FAC23284D6FDD005D6C49 /* SceneDelegate.swift in Sources */ = {isa = PBXBuildFile; fileRef = 251FAC22284D6FDD005D6C49 /* SceneDelegate.swift */; };
		251FAC25284D6FDD005D6C49 /* ViewController.swift in Sources */ = {isa = PBXBuildFile; fileRef = 251FAC24284D6FDD005D6C49 /* ViewController.swift */; };
		251FAC28284D6FDD005D6C49 /* Main.storyboard in Resources */ = {isa = PBXBuildFile; fileRef = 251FAC26284D6FDD005D6C49 /* Main.storyboard */; };
		251FAC2B284D6FDD005D6C49 /* VolunTrack.xcdatamodeld in Sources */ = {isa = PBXBuildFile; fileRef = 251FAC29284D6FDD005D6C49 /* VolunTrack.xcdatamodeld */; };
		251FAC2D284D6FE0005D6C49 /* Assets.xcassets in Resources */ = {isa = PBXBuildFile; fileRef = 251FAC2C284D6FE0005D6C49 /* Assets.xcassets */; };
		251FAC30284D6FE0005D6C49 /* LaunchScreen.storyboard in Resources */ = {isa = PBXBuildFile; fileRef = 251FAC2E284D6FE0005D6C49 /* LaunchScreen.storyboard */; };
		251FAC3B284D6FE0005D6C49 /* VolunTrackTests.swift in Sources */ = {isa = PBXBuildFile; fileRef = 251FAC3A284D6FE0005D6C49 /* VolunTrackTests.swift */; };
		251FAC45284D6FE0005D6C49 /* VolunTrackUITests.swift in Sources */ = {isa = PBXBuildFile; fileRef = 251FAC44284D6FE0005D6C49 /* VolunTrackUITests.swift */; };
		251FAC47284D6FE0005D6C49 /* VolunTrackUITestsLaunchTests.swift in Sources */ = {isa = PBXBuildFile; fileRef = 251FAC46284D6FE0005D6C49 /* VolunTrackUITestsLaunchTests.swift */; };
/* End PBXBuildFile section */

/* Begin PBXContainerItemProxy section */
		251FAC37284D6FE0005D6C49 /* PBXContainerItemProxy */ = {
			isa = PBXContainerItemProxy;
			containerPortal = 251FAC15284D6FDD005D6C49 /* Project object */;
			proxyType = 1;
			remoteGlobalIDString = 251FAC1C284D6FDD005D6C49;
			remoteInfo = VolunTrack;
		};
		251FAC41284D6FE0005D6C49 /* PBXContainerItemProxy */ = {
			isa = PBXContainerItemProxy;
			containerPortal = 251FAC15284D6FDD005D6C49 /* Project object */;
			proxyType = 1;
			remoteGlobalIDString = 251FAC1C284D6FDD005D6C49;
			remoteInfo = VolunTrack;
		};
/* End PBXContainerItemProxy section */

/* Begin PBXFileReference section */
		251FAC1D284D6FDD005D6C49 /* VolunTrack.app */ = {isa = PBXFileReference; explicitFileType = wrapper.application; includeInIndex = 0; path = VolunTrack.app; sourceTree = BUILT_PRODUCTS_DIR; };
		251FAC20284D6FDD005D6C49 /* AppDelegate.swift */ = {isa = PBXFileReference; lastKnownFileType = sourcecode.swift; path = AppDelegate.swift; sourceTree = "<group>"; };
		251FAC22284D6FDD005D6C49 /* SceneDelegate.swift */ = {isa = PBXFileReference; lastKnownFileType = sourcecode.swift; path = SceneDelegate.swift; sourceTree = "<group>"; };
		251FAC24284D6FDD005D6C49 /* ViewController.swift */ = {isa = PBXFileReference; lastKnownFileType = sourcecode.swift; path = ViewController.swift; sourceTree = "<group>"; };
		251FAC27284D6FDD005D6C49 /* Base */ = {isa = PBXFileReference; lastKnownFileType = file.storyboard; name = Base; path = Base.lproj/Main.storyboard; sourceTree = "<group>"; };
		251FAC2A284D6FDD005D6C49 /* VolunTrack.xcdatamodel */ = {isa = PBXFileReference; lastKnownFileType = wrapper.xcdatamodel; path = VolunTrack.xcdatamodel; sourceTree = "<group>"; };
		251FAC2C284D6FE0005D6C49 /* Assets.xcassets */ = {isa = PBXFileReference; lastKnownFileType = folder.assetcatalog; path = Assets.xcassets; sourceTree = "<group>"; };
		251FAC2F284D6FE0005D6C49 /* Base */ = {isa = PBXFileReference; lastKnownFileType = file.storyboard; name = Base; path = Base.lproj/LaunchScreen.storyboard; sourceTree = "<group>"; };
		251FAC31284D6FE0005D6C49 /* Info.plist */ = {isa = PBXFileReference; lastKnownFileType = text.plist.xml; path = Info.plist; sourceTree = "<group>"; };
		251FAC36284D6FE0005D6C49 /* VolunTrackTests.xctest */ = {isa = PBXFileReference; explicitFileType = wrapper.cfbundle; includeInIndex = 0; path = VolunTrackTests.xctest; sourceTree = BUILT_PRODUCTS_DIR; };
		251FAC3A284D6FE0005D6C49 /* VolunTrackTests.swift */ = {isa = PBXFileReference; lastKnownFileType = sourcecode.swift; path = VolunTrackTests.swift; sourceTree = "<group>"; };
		251FAC40284D6FE0005D6C49 /* VolunTrackUITests.xctest */ = {isa = PBXFileReference; explicitFileType = wrapper.cfbundle; includeInIndex = 0; path = VolunTrackUITests.xctest; sourceTree = BUILT_PRODUCTS_DIR; };
		251FAC44284D6FE0005D6C49 /* VolunTrackUITests.swift */ = {isa = PBXFileReference; lastKnownFileType = sourcecode.swift; path = VolunTrackUITests.swift; sourceTree = "<group>"; };
		251FAC46284D6FE0005D6C49 /* VolunTrackUITestsLaunchTests.swift */ = {isa = PBXFileReference; lastKnownFileType = sourcecode.swift; path = VolunTrackUITestsLaunchTests.swift; sourceTree = "<group>"; };
/* End PBXFileReference section */

/* Begin PBXFrameworksBuildPhase section */
		251FAC1A284D6FDD005D6C49 /* Frameworks */ = {
			isa = PBXFrameworksBuildPhase;
			buildActionMask = 2147483647;
			files = (
			);
			runOnlyForDeploymentPostprocessing = 0;
		};
		251FAC33284D6FE0005D6C49 /* Frameworks */ = {
			isa = PBXFrameworksBuildPhase;
			buildActionMask = 2147483647;
			files = (
			);
			runOnlyForDeploymentPostprocessing = 0;
		};
		251FAC3D284D6FE0005D6C49 /* Frameworks */ = {
			isa = PBXFrameworksBuildPhase;
			buildActionMask = 2147483647;
			files = (
			);
			runOnlyForDeploymentPostprocessing = 0;
		};
/* End PBXFrameworksBuildPhase section */

/* Begin PBXGroup section */
		251FAC14284D6FDD005D6C49 = {
			isa = PBXGroup;
			children = (
				251FAC1F284D6FDD005D6C49 /* VolunTrack */,
				251FAC39284D6FE0005D6C49 /* VolunTrackTests */,
				251FAC43284D6FE0005D6C49 /* VolunTrackUITests */,
				251FAC1E284D6FDD005D6C49 /* Products */,
			);
			sourceTree = "<group>";
		};
		251FAC1E284D6FDD005D6C49 /* Products */ = {
			isa = PBXGroup;
			children = (
				251FAC1D284D6FDD005D6C49 /* VolunTrack.app */,
				251FAC36284D6FE0005D6C49 /* VolunTrackTests.xctest */,
				251FAC40284D6FE0005D6C49 /* VolunTrackUITests.xctest */,
			);
			name = Products;
			sourceTree = "<group>";
		};
		251FAC1F284D6FDD005D6C49 /* VolunTrack */ = {
			isa = PBXGroup;
			children = (
				251FAC20284D6FDD005D6C49 /* AppDelegate.swift */,
				251FAC22284D6FDD005D6C49 /* SceneDelegate.swift */,
				251FAC24284D6FDD005D6C49 /* ViewController.swift */,
				251FAC26284D6FDD005D6C49 /* Main.storyboard */,
				251FAC2C284D6FE0005D6C49 /* Assets.xcassets */,
				251FAC2E284D6FE0005D6C49 /* LaunchScreen.storyboard */,
				251FAC31284D6FE0005D6C49 /* Info.plist */,
				251FAC29284D6FDD005D6C49 /* VolunTrack.xcdatamodeld */,
			);
			path = VolunTrack;
			sourceTree = "<group>";
		};
		251FAC39284D6FE0005D6C49 /* VolunTrackTests */ = {
			isa = PBXGroup;
			children = (
				251FAC3A284D6FE0005D6C49 /* VolunTrackTests.swift */,
			);
			path = VolunTrackTests;
			sourceTree = "<group>";
		};
		251FAC43284D6FE0005D6C49 /* VolunTrackUITests */ = {
			isa = PBXGroup;
			children = (
				251FAC44284D6FE0005D6C49 /* VolunTrackUITests.swift */,
				251FAC46284D6FE0005D6C49 /* VolunTrackUITestsLaunchTests.swift */,
			);
			path = VolunTrackUITests;
			sourceTree = "<group>";
		};
/* End PBXGroup section */

/* Begin PBXNativeTarget section */
		251FAC1C284D6FDD005D6C49 /* VolunTrack */ = {
			isa = PBXNativeTarget;
			buildConfigurationList = 251FAC4A284D6FE0005D6C49 /* Build configuration list for PBXNativeTarget "VolunTrack" */;
			buildPhases = (
				251FAC19284D6FDD005D6C49 /* Sources */,
				251FAC1A284D6FDD005D6C49 /* Frameworks */,
				251FAC1B284D6FDD005D6C49 /* Resources */,
			);
			buildRules = (
			);
			dependencies = (
			);
			name = VolunTrack;
			productName = VolunTrack;
			productReference = 251FAC1D284D6FDD005D6C49 /* VolunTrack.app */;
			productType = "com.apple.product-type.application";
		};
		251FAC35284D6FE0005D6C49 /* VolunTrackTests */ = {
			isa = PBXNativeTarget;
			buildConfigurationList = 251FAC4D284D6FE0005D6C49 /* Build configuration list for PBXNativeTarget "VolunTrackTests" */;
			buildPhases = (
				251FAC32284D6FE0005D6C49 /* Sources */,
				251FAC33284D6FE0005D6C49 /* Frameworks */,
				251FAC34284D6FE0005D6C49 /* Resources */,
			);
			buildRules = (
			);
			dependencies = (
				251FAC38284D6FE0005D6C49 /* PBXTargetDependency */,
			);
			name = VolunTrackTests;
			productName = VolunTrackTests;
			productReference = 251FAC36284D6FE0005D6C49 /* VolunTrackTests.xctest */;
			productType = "com.apple.product-type.bundle.unit-test";
		};
		251FAC3F284D6FE0005D6C49 /* VolunTrackUITests */ = {
			isa = PBXNativeTarget;
			buildConfigurationList = 251FAC50284D6FE0005D6C49 /* Build configuration list for PBXNativeTarget "VolunTrackUITests" */;
			buildPhases = (
				251FAC3C284D6FE0005D6C49 /* Sources */,
				251FAC3D284D6FE0005D6C49 /* Frameworks */,
				251FAC3E284D6FE0005D6C49 /* Resources */,
			);
			buildRules = (
			);
			dependencies = (
				251FAC42284D6FE0005D6C49 /* PBXTargetDependency */,
			);
			name = VolunTrackUITests;
			productName = VolunTrackUITests;
			productReference = 251FAC40284D6FE0005D6C49 /* VolunTrackUITests.xctest */;
			productType = "com.apple.product-type.bundle.ui-testing";
		};
/* End PBXNativeTarget section */

/* Begin PBXProject section */
		251FAC15284D6FDD005D6C49 /* Project object */ = {
			isa = PBXProject;
			attributes = {
				BuildIndependentTargetsInParallel = 1;
				LastSwiftUpdateCheck = 1340;
				LastUpgradeCheck = 1340;
				TargetAttributes = {
					251FAC1C284D6FDD005D6C49 = {
						CreatedOnToolsVersion = 13.4.1;
					};
					251FAC35284D6FE0005D6C49 = {
						CreatedOnToolsVersion = 13.4.1;
						TestTargetID = 251FAC1C284D6FDD005D6C49;
					};
					251FAC3F284D6FE0005D6C49 = {
						CreatedOnToolsVersion = 13.4.1;
						TestTargetID = 251FAC1C284D6FDD005D6C49;
					};
				};
			};
			buildConfigurationList = 251FAC18284D6FDD005D6C49 /* Build configuration list for PBXProject "VolunTrack" */;
			compatibilityVersion = "Xcode 13.0";
			developmentRegion = en;
			hasScannedForEncodings = 0;
			knownRegions = (
				en,
				Base,
			);
			mainGroup = 251FAC14284D6FDD005D6C49;
			productRefGroup = 251FAC1E284D6FDD005D6C49 /* Products */;
			projectDirPath = "";
			projectRoot = "";
			targets = (
				251FAC1C284D6FDD005D6C49 /* VolunTrack */,
				251FAC35284D6FE0005D6C49 /* VolunTrackTests */,
				251FAC3F284D6FE0005D6C49 /* VolunTrackUITests */,
			);
		};
/* End PBXProject section */

/* Begin PBXResourcesBuildPhase section */
		251FAC1B284D6FDD005D6C49 /* Resources */ = {
			isa = PBXResourcesBuildPhase;
			buildActionMask = 2147483647;
			files = (
				251FAC30284D6FE0005D6C49 /* LaunchScreen.storyboard in Resources */,
				251FAC2D284D6FE0005D6C49 /* Assets.xcassets in Resources */,
				251FAC28284D6FDD005D6C49 /* Main.storyboard in Resources */,
			);
			runOnlyForDeploymentPostprocessing = 0;
		};
		251FAC34284D6FE0005D6C49 /* Resources */ = {
			isa = PBXResourcesBuildPhase;
			buildActionMask = 2147483647;
			files = (
			);
			runOnlyForDeploymentPostprocessing = 0;
		};
		251FAC3E284D6FE0005D6C49 /* Resources */ = {
			isa = PBXResourcesBuildPhase;
			buildActionMask = 2147483647;
			files = (
			);
			runOnlyForDeploymentPostprocessing = 0;
		};
/* End PBXResourcesBuildPhase section */

/* Begin PBXSourcesBuildPhase section */
		251FAC19284D6FDD005D6C49 /* Sources */ = {
			isa = PBXSourcesBuildPhase;
			buildActionMask = 2147483647;
			files = (
				251FAC2B284D6FDD005D6C49 /* VolunTrack.xcdatamodeld in Sources */,
				251FAC25284D6FDD005D6C49 /* ViewController.swift in Sources */,
				251FAC21284D6FDD005D6C49 /* AppDelegate.swift in Sources */,
				251FAC23284D6FDD005D6C49 /* SceneDelegate.swift in Sources */,
			);
			runOnlyForDeploymentPostprocessing = 0;
		};
		251FAC32284D6FE0005D6C49 /* Sources */ = {
			isa = PBXSourcesBuildPhase;
			buildActionMask = 2147483647;
			files = (
				251FAC3B284D6FE0005D6C49 /* VolunTrackTests.swift in Sources */,
			);
			runOnlyForDeploymentPostprocessing = 0;
		};
		251FAC3C284D6FE0005D6C49 /* Sources */ = {
			isa = PBXSourcesBuildPhase;
			buildActionMask = 2147483647;
			files = (
				251FAC45284D6FE0005D6C49 /* VolunTrackUITests.swift in Sources */,
				251FAC47284D6FE0005D6C49 /* VolunTrackUITestsLaunchTests.swift in Sources */,
			);
			runOnlyForDeploymentPostprocessing = 0;
		};
/* End PBXSourcesBuildPhase section */

/* Begin PBXTargetDependency section */
		251FAC38284D6FE0005D6C49 /* PBXTargetDependency */ = {
			isa = PBXTargetDependency;
			target = 251FAC1C284D6FDD005D6C49 /* VolunTrack */;
			targetProxy = 251FAC37284D6FE0005D6C49 /* PBXContainerItemProxy */;
		};
		251FAC42284D6FE0005D6C49 /* PBXTargetDependency */ = {
			isa = PBXTargetDependency;
			target = 251FAC1C284D6FDD005D6C49 /* VolunTrack */;
			targetProxy = 251FAC41284D6FE0005D6C49 /* PBXContainerItemProxy */;
		};
/* End PBXTargetDependency section */

/* Begin PBXVariantGroup section */
		251FAC26284D6FDD005D6C49 /* Main.storyboard */ = {
			isa = PBXVariantGroup;
			children = (
				251FAC27284D6FDD005D6C49 /* Base */,
			);
			name = Main.storyboard;
			sourceTree = "<group>";
		};
		251FAC2E284D6FE0005D6C49 /* LaunchScreen.storyboard */ = {
			isa = PBXVariantGroup;
			children = (
				251FAC2F284D6FE0005D6C49 /* Base */,
			);
			name = LaunchScreen.storyboard;
			sourceTree = "<group>";
		};
/* End PBXVariantGroup section */

/* Begin XCBuildConfiguration section */
		251FAC48284D6FE0005D6C49 /* Debug */ = {
			isa = XCBuildConfiguration;
			buildSettings = {
				ALWAYS_SEARCH_USER_PATHS = NO;
				CLANG_ANALYZER_NONNULL = YES;
				CLANG_ANALYZER_NUMBER_OBJECT_CONVERSION = YES_AGGRESSIVE;
				CLANG_CXX_LANGUAGE_STANDARD = "gnu++17";
				CLANG_ENABLE_MODULES = YES;
				CLANG_ENABLE_OBJC_ARC = YES;
				CLANG_ENABLE_OBJC_WEAK = YES;
				CLANG_WARN_BLOCK_CAPTURE_AUTORELEASING = YES;
				CLANG_WARN_BOOL_CONVERSION = YES;
				CLANG_WARN_COMMA = YES;
				CLANG_WARN_CONSTANT_CONVERSION = YES;
				CLANG_WARN_DEPRECATED_OBJC_IMPLEMENTATIONS = YES;
				CLANG_WARN_DIRECT_OBJC_ISA_USAGE = YES_ERROR;
				CLANG_WARN_DOCUMENTATION_COMMENTS = YES;
				CLANG_WARN_EMPTY_BODY = YES;
				CLANG_WARN_ENUM_CONVERSION = YES;
				CLANG_WARN_INFINITE_RECURSION = YES;
				CLANG_WARN_INT_CONVERSION = YES;
				CLANG_WARN_NON_LITERAL_NULL_CONVERSION = YES;
				CLANG_WARN_OBJC_IMPLICIT_RETAIN_SELF = YES;
				CLANG_WARN_OBJC_LITERAL_CONVERSION = YES;
				CLANG_WARN_OBJC_ROOT_CLASS = YES_ERROR;
				CLANG_WARN_QUOTED_INCLUDE_IN_FRAMEWORK_HEADER = YES;
				CLANG_WARN_RANGE_LOOP_ANALYSIS = YES;
				CLANG_WARN_STRICT_PROTOTYPES = YES;
				CLANG_WARN_SUSPICIOUS_MOVE = YES;
				CLANG_WARN_UNGUARDED_AVAILABILITY = YES_AGGRESSIVE;
				CLANG_WARN_UNREACHABLE_CODE = YES;
				CLANG_WARN__DUPLICATE_METHOD_MATCH = YES;
				COPY_PHASE_STRIP = NO;
				DEBUG_INFORMATION_FORMAT = dwarf;
				ENABLE_STRICT_OBJC_MSGSEND = YES;
				ENABLE_TESTABILITY = YES;
				GCC_C_LANGUAGE_STANDARD = gnu11;
				GCC_DYNAMIC_NO_PIC = NO;
				GCC_NO_COMMON_BLOCKS = YES;
				GCC_OPTIMIZATION_LEVEL = 0;
				GCC_PREPROCESSOR_DEFINITIONS = (
					"DEBUG=1",
					"$(inherited)",
				);
				GCC_WARN_64_TO_32_BIT_CONVERSION = YES;
				GCC_WARN_ABOUT_RETURN_TYPE = YES_ERROR;
				GCC_WARN_UNDECLARED_SELECTOR = YES;
				GCC_WARN_UNINITIALIZED_AUTOS = YES_AGGRESSIVE;
				GCC_WARN_UNUSED_FUNCTION = YES;
				GCC_WARN_UNUSED_VARIABLE = YES;
				IPHONEOS_DEPLOYMENT_TARGET = 15.5;
				MTL_ENABLE_DEBUG_INFO = INCLUDE_SOURCE;
				MTL_FAST_MATH = YES;
				ONLY_ACTIVE_ARCH = YES;
				SDKROOT = iphoneos;
				SWIFT_ACTIVE_COMPILATION_CONDITIONS = DEBUG;
				SWIFT_OPTIMIZATION_LEVEL = "-Onone";
			};
			name = Debug;
		};
		251FAC49284D6FE0005D6C49 /* Release */ = {
			isa = XCBuildConfiguration;
			buildSettings = {
				ALWAYS_SEARCH_USER_PATHS = NO;
				CLANG_ANALYZER_NONNULL = YES;
				CLANG_ANALYZER_NUMBER_OBJECT_CONVERSION = YES_AGGRESSIVE;
				CLANG_CXX_LANGUAGE_STANDARD = "gnu++17";
				CLANG_ENABLE_MODULES = YES;
				CLANG_ENABLE_OBJC_ARC = YES;
				CLANG_ENABLE_OBJC_WEAK = YES;
				CLANG_WARN_BLOCK_CAPTURE_AUTORELEASING = YES;
				CLANG_WARN_BOOL_CONVERSION = YES;
				CLANG_WARN_COMMA = YES;
				CLANG_WARN_CONSTANT_CONVERSION = YES;
				CLANG_WARN_DEPRECATED_OBJC_IMPLEMENTATIONS = YES;
				CLANG_WARN_DIRECT_OBJC_ISA_USAGE = YES_ERROR;
				CLANG_WARN_DOCUMENTATION_COMMENTS = YES;
				CLANG_WARN_EMPTY_BODY = YES;
				CLANG_WARN_ENUM_CONVERSION = YES;
				CLANG_WARN_INFINITE_RECURSION = YES;
				CLANG_WARN_INT_CONVERSION = YES;
				CLANG_WARN_NON_LITERAL_NULL_CONVERSION = YES;
				CLANG_WARN_OBJC_IMPLICIT_RETAIN_SELF = YES;
				CLANG_WARN_OBJC_LITERAL_CONVERSION = YES;
				CLANG_WARN_OBJC_ROOT_CLASS = YES_ERROR;
				CLANG_WARN_QUOTED_INCLUDE_IN_FRAMEWORK_HEADER = YES;
				CLANG_WARN_RANGE_LOOP_ANALYSIS = YES;
				CLANG_WARN_STRICT_PROTOTYPES = YES;
				CLANG_WARN_SUSPICIOUS_MOVE = YES;
				CLANG_WARN_UNGUARDED_AVAILABILITY = YES_AGGRESSIVE;
				CLANG_WARN_UNREACHABLE_CODE = YES;
				CLANG_WARN__DUPLICATE_METHOD_MATCH = YES;
				COPY_PHASE_STRIP = NO;
				DEBUG_INFORMATION_FORMAT = "dwarf-with-dsym";
				ENABLE_NS_ASSERTIONS = NO;
				ENABLE_STRICT_OBJC_MSGSEND = YES;
				GCC_C_LANGUAGE_STANDARD = gnu11;
				GCC_NO_COMMON_BLOCKS = YES;
				GCC_WARN_64_TO_32_BIT_CONVERSION = YES;
				GCC_WARN_ABOUT_RETURN_TYPE = YES_ERROR;
				GCC_WARN_UNDECLARED_SELECTOR = YES;
				GCC_WARN_UNINITIALIZED_AUTOS = YES_AGGRESSIVE;
				GCC_WARN_UNUSED_FUNCTION = YES;
				GCC_WARN_UNUSED_VARIABLE = YES;
				IPHONEOS_DEPLOYMENT_TARGET = 15.5;
				MTL_ENABLE_DEBUG_INFO = NO;
				MTL_FAST_MATH = YES;
				SDKROOT = iphoneos;
				SWIFT_COMPILATION_MODE = wholemodule;
				SWIFT_OPTIMIZATION_LEVEL = "-O";
				VALIDATE_PRODUCT = YES;
			};
			name = Release;
		};
		251FAC4B284D6FE0005D6C49 /* Debug */ = {
			isa = XCBuildConfiguration;
			buildSettings = {
				ASSETCATALOG_COMPILER_APPICON_NAME = AppIcon;
				ASSETCATALOG_COMPILER_GLOBAL_ACCENT_COLOR_NAME = AccentColor;
				CODE_SIGN_STYLE = Automatic;
				CURRENT_PROJECT_VERSION = 1;
				DEVELOPMENT_TEAM = 52K6NY98L4;
				GENERATE_INFOPLIST_FILE = YES;
				INFOPLIST_FILE = VolunTrack/Info.plist;
				INFOPLIST_KEY_UIApplicationSupportsIndirectInputEvents = YES;
				INFOPLIST_KEY_UILaunchStoryboardName = LaunchScreen;
				INFOPLIST_KEY_UIMainStoryboardFile = Main;
				INFOPLIST_KEY_UISupportedInterfaceOrientations_iPad = "UIInterfaceOrientationPortrait UIInterfaceOrientationPortraitUpsideDown UIInterfaceOrientationLandscapeLeft UIInterfaceOrientationLandscapeRight";
				INFOPLIST_KEY_UISupportedInterfaceOrientations_iPhone = "UIInterfaceOrientationPortrait UIInterfaceOrientationLandscapeLeft UIInterfaceOrientationLandscapeRight";
				LD_RUNPATH_SEARCH_PATHS = (
					"$(inherited)",
					"@executable_path/Frameworks",
				);
				MARKETING_VERSION = 1.0;
				PRODUCT_BUNDLE_IDENTIFIER = com.shuolinyin.VolunTrack;
				PRODUCT_NAME = "$(TARGET_NAME)";
				SWIFT_EMIT_LOC_STRINGS = YES;
				SWIFT_VERSION = 5.0;
				TARGETED_DEVICE_FAMILY = "1,2";
			};
			name = Debug;
		};
		251FAC4C284D6FE0005D6C49 /* Release */ = {
			isa = XCBuildConfiguration;
			buildSettings = {
				ASSETCATALOG_COMPILER_APPICON_NAME = AppIcon;
				ASSETCATALOG_COMPILER_GLOBAL_ACCENT_COLOR_NAME = AccentColor;
				CODE_SIGN_STYLE = Automatic;
				CURRENT_PROJECT_VERSION = 1;
				DEVELOPMENT_TEAM = 52K6NY98L4;
				GENERATE_INFOPLIST_FILE = YES;
				INFOPLIST_FILE = VolunTrack/Info.plist;
				INFOPLIST_KEY_UIApplicationSupportsIndirectInputEvents = YES;
				INFOPLIST_KEY_UILaunchStoryboardName = LaunchScreen;
				INFOPLIST_KEY_UIMainStoryboardFile = Main;
				INFOPLIST_KEY_UISupportedInterfaceOrientations_iPad = "UIInterfaceOrientationPortrait UIInterfaceOrientationPortraitUpsideDown UIInterfaceOrientationLandscapeLeft UIInterfaceOrientationLandscapeRight";
				INFOPLIST_KEY_UISupportedInterfaceOrientations_iPhone = "UIInterfaceOrientationPortrait UIInterfaceOrientationLandscapeLeft UIInterfaceOrientationLandscapeRight";
				LD_RUNPATH_SEARCH_PATHS = (
					"$(inherited)",
					"@executable_path/Frameworks",
				);
				MARKETING_VERSION = 1.0;
				PRODUCT_BUNDLE_IDENTIFIER = com.shuolinyin.VolunTrack;
				PRODUCT_NAME = "$(TARGET_NAME)";
				SWIFT_EMIT_LOC_STRINGS = YES;
				SWIFT_VERSION = 5.0;
				TARGETED_DEVICE_FAMILY = "1,2";
			};
			name = Release;
		};
		251FAC4E284D6FE0005D6C49 /* Debug */ = {
			isa = XCBuildConfiguration;
			buildSettings = {
				ALWAYS_EMBED_SWIFT_STANDARD_LIBRARIES = YES;
				BUNDLE_LOADER = "$(TEST_HOST)";
				CODE_SIGN_STYLE = Automatic;
				CURRENT_PROJECT_VERSION = 1;
				DEVELOPMENT_TEAM = 52K6NY98L4;
				GENERATE_INFOPLIST_FILE = YES;
				IPHONEOS_DEPLOYMENT_TARGET = 15.5;
				MARKETING_VERSION = 1.0;
				PRODUCT_BUNDLE_IDENTIFIER = com.shuolinyin.VolunTrackTests;
				PRODUCT_NAME = "$(TARGET_NAME)";
				SWIFT_EMIT_LOC_STRINGS = NO;
				SWIFT_VERSION = 5.0;
				TARGETED_DEVICE_FAMILY = "1,2";
				TEST_HOST = "$(BUILT_PRODUCTS_DIR)/VolunTrack.app/VolunTrack";
			};
			name = Debug;
		};
		251FAC4F284D6FE0005D6C49 /* Release */ = {
			isa = XCBuildConfiguration;
			buildSettings = {
				ALWAYS_EMBED_SWIFT_STANDARD_LIBRARIES = YES;
				BUNDLE_LOADER = "$(TEST_HOST)";
				CODE_SIGN_STYLE = Automatic;
				CURRENT_PROJECT_VERSION = 1;
				DEVELOPMENT_TEAM = 52K6NY98L4;
				GENERATE_INFOPLIST_FILE = YES;
				IPHONEOS_DEPLOYMENT_TARGET = 15.5;
				MARKETING_VERSION = 1.0;
				PRODUCT_BUNDLE_IDENTIFIER = com.shuolinyin.VolunTrackTests;
				PRODUCT_NAME = "$(TARGET_NAME)";
				SWIFT_EMIT_LOC_STRINGS = NO;
				SWIFT_VERSION = 5.0;
				TARGETED_DEVICE_FAMILY = "1,2";
				TEST_HOST = "$(BUILT_PRODUCTS_DIR)/VolunTrack.app/VolunTrack";
			};
			name = Release;
		};
		251FAC51284D6FE0005D6C49 /* Debug */ = {
			isa = XCBuildConfiguration;
			buildSettings = {
				ALWAYS_EMBED_SWIFT_STANDARD_LIBRARIES = YES;
				CODE_SIGN_STYLE = Automatic;
				CURRENT_PROJECT_VERSION = 1;
				DEVELOPMENT_TEAM = 52K6NY98L4;
				GENERATE_INFOPLIST_FILE = YES;
				MARKETING_VERSION = 1.0;
				PRODUCT_BUNDLE_IDENTIFIER = com.shuolinyin.VolunTrackUITests;
				PRODUCT_NAME = "$(TARGET_NAME)";
				SWIFT_EMIT_LOC_STRINGS = NO;
				SWIFT_VERSION = 5.0;
				TARGETED_DEVICE_FAMILY = "1,2";
				TEST_TARGET_NAME = VolunTrack;
			};
			name = Debug;
		};
		251FAC52284D6FE0005D6C49 /* Release */ = {
			isa = XCBuildConfiguration;
			buildSettings = {
				ALWAYS_EMBED_SWIFT_STANDARD_LIBRARIES = YES;
				CODE_SIGN_STYLE = Automatic;
				CURRENT_PROJECT_VERSION = 1;
				DEVELOPMENT_TEAM = 52K6NY98L4;
				GENERATE_INFOPLIST_FILE = YES;
				MARKETING_VERSION = 1.0;
				PRODUCT_BUNDLE_IDENTIFIER = com.shuolinyin.VolunTrackUITests;
				PRODUCT_NAME = "$(TARGET_NAME)";
				SWIFT_EMIT_LOC_STRINGS = NO;
				SWIFT_VERSION = 5.0;
				TARGETED_DEVICE_FAMILY = "1,2";
				TEST_TARGET_NAME = VolunTrack;
			};
			name = Release;
		};
/* End XCBuildConfiguration section */

/* Begin XCConfigurationList section */
		251FAC18284D6FDD005D6C49 /* Build configuration list for PBXProject "VolunTrack" */ = {
			isa = XCConfigurationList;
			buildConfigurations = (
				251FAC48284D6FE0005D6C49 /* Debug */,
				251FAC49284D6FE0005D6C49 /* Release */,
			);
			defaultConfigurationIsVisible = 0;
			defaultConfigurationName = Release;
		};
		251FAC4A284D6FE0005D6C49 /* Build configuration list for PBXNativeTarget "VolunTrack" */ = {
			isa = XCConfigurationList;
			buildConfigurations = (
				251FAC4B284D6FE0005D6C49 /* Debug */,
				251FAC4C284D6FE0005D6C49 /* Release */,
			);
			defaultConfigurationIsVisible = 0;
			defaultConfigurationName = Release;
		};
		251FAC4D284D6FE0005D6C49 /* Build configuration list for PBXNativeTarget "VolunTrackTests" */ = {
			isa = XCConfigurationList;
			buildConfigurations = (
				251FAC4E284D6FE0005D6C49 /* Debug */,
				251FAC4F284D6FE0005D6C49 /* Release */,
			);
			defaultConfigurationIsVisible = 0;
			defaultConfigurationName = Release;
		};
		251FAC50284D6FE0005D6C49 /* Build configuration list for PBXNativeTarget "VolunTrackUITests" */ = {
			isa = XCConfigurationList;
			buildConfigurations = (
				251FAC51284D6FE0005D6C49 /* Debug */,
				251FAC52284D6FE0005D6C49 /* Release */,
			);
			defaultConfigurationIsVisible = 0;
			defaultConfigurationName = Release;
		};
/* End XCConfigurationList section */

/* Begin XCVersionGroup section */
		251FAC29284D6FDD005D6C49 /* VolunTrack.xcdatamodeld */ = {
			isa = XCVersionGroup;
			children = (
				251FAC2A284D6FDD005D6C49 /* VolunTrack.xcdatamodel */,
			);
			currentVersion = 251FAC2A284D6FDD005D6C49 /* VolunTrack.xcdatamodel */;
			path = VolunTrack.xcdatamodeld;
			sourceTree = "<group>";
			versionGroupType = wrapper.xcdatamodel;
		};
/* End XCVersionGroup section */
	};
	rootObject = 251FAC15284D6FDD005D6C49 /* Project object */;
}
